
Microsoft Visual Studio Solution File, Format Version 12.00
# Visual Studio Version 16
VisualStudioVersion = 16.0.30404.54
MinimumVisualStudioVersion = 10.0.40219.1
Project("{9A19103F-16F7-4668-BE54-9A1E7A4F7556}") = "OnSale.Common", "OnSale.Common\OnSale.Common.csproj", "{B89C6194-B28C-4727-9DE2-19217E3ACCAB}"
EndProject
Project("{9A19103F-16F7-4668-BE54-9A1E7A4F7556}") = "OnSale.Web", "OnSale.Web\OnSale.Web.csproj", "{E349C587-4BA4-4254-A3D1-C80FA644AFE8}"
EndProject
Project("{FAE04EC0-301F-11D3-BF4B-00C04F79EFBC}") = "OnSale.Prism", "OnSale.Prism\OnSale.Prism\OnSale.Prism.csproj", "{31E5EDD2-C434-4219-8F37-E204D2BCAD1B}"
EndProject
Project("{FAE04EC0-301F-11D3-BF4B-00C04F79EFBC}") = "OnSale.Prism.Android", "OnSale.Prism\OnSale.Prism.Android\OnSale.Prism.Android.csproj", "{1B9DFB1F-B0DC-48CE-83AF-DD2F8E371451}"
EndProject
Project("{FAE04EC0-301F-11D3-BF4B-00C04F79EFBC}") = "OnSale.Prism.iOS", "OnSale.Prism\OnSale.Prism.iOS\OnSale.Prism.iOS.csproj", "{1BFB467C-B9D2-4CEB-9610-87759EFA20C1}"
EndProject
Global
	GlobalSection(SolutionConfigurationPlatforms) = preSolution
		Ad-Hoc|Any CPU = Ad-Hoc|Any CPU
		Ad-Hoc|iPhone = Ad-Hoc|iPhone
		Ad-Hoc|iPhoneSimulator = Ad-Hoc|iPhoneSimulator
		AppStore|Any CPU = AppStore|Any CPU
		AppStore|iPhone = AppStore|iPhone
		AppStore|iPhoneSimulator = AppStore|iPhoneSimulator
		Debug|Any CPU = Debug|Any CPU
		Debug|iPhone = Debug|iPhone
		Debug|iPhoneSimulator = Debug|iPhoneSimulator
		Release|Any CPU = Release|Any CPU
		Release|iPhone = Release|iPhone
		Release|iPhoneSimulator = Release|iPhoneSimulator
	EndGlobalSection
	GlobalSection(ProjectConfigurationPlatforms) = postSolution
		{B89C6194-B28C-4727-9DE2-19217E3ACCAB}.Ad-Hoc|Any CPU.ActiveCfg = Release|Any CPU
		{B89C6194-B28C-4727-9DE2-19217E3ACCAB}.Ad-Hoc|Any CPU.Build.0 = Release|Any CPU
		{B89C6194-B28C-4727-9DE2-19217E3ACCAB}.Ad-Hoc|iPhone.ActiveCfg = Release|Any CPU
		{B89C6194-B28C-4727-9DE2-19217E3ACCAB}.Ad-Hoc|iPhone.Build.0 = Release|Any CPU
		{B89C6194-B28C-4727-9DE2-19217E3ACCAB}.Ad-Hoc|iPhoneSimulator.ActiveCfg = Release|Any CPU
		{B89C6194-B28C-4727-9DE2-19217E3ACCAB}.Ad-Hoc|iPhoneSimulator.Build.0 = Release|Any CPU
		{B89C6194-B28C-4727-9DE2-19217E3ACCAB}.AppStore|Any CPU.ActiveCfg = Release|Any CPU
		{B89C6194-B28C-4727-9DE2-19217E3ACCAB}.AppStore|Any CPU.Build.0 = Release|Any CPU
		{B89C6194-B28C-4727-9DE2-19217E3ACCAB}.AppStore|iPhone.ActiveCfg = Release|Any CPU
		{B89C6194-B28C-4727-9DE2-19217E3ACCAB}.AppStore|iPhone.Build.0 = Release|Any CPU
		{B89C6194-B28C-4727-9DE2-19217E3ACCAB}.AppStore|iPhoneSimulator.ActiveCfg = Release|Any CPU
		{B89C6194-B28C-4727-9DE2-19217E3ACCAB}.AppStore|iPhoneSimulator.Build.0 = Release|Any CPU
		{B89C6194-B28C-4727-9DE2-19217E3ACCAB}.Debug|Any CPU.ActiveCfg = Debug|Any CPU
		{B89C6194-B28C-4727-9DE2-19217E3ACCAB}.Debug|Any CPU.Build.0 = Debug|Any CPU
		{B89C6194-B28C-4727-9DE2-19217E3ACCAB}.Debug|iPhone.ActiveCfg = Debug|Any CPU
		{B89C6194-B28C-4727-9DE2-19217E3ACCAB}.Debug|iPhone.Build.0 = Debug|Any CPU
		{B89C6194-B28C-4727-9DE2-19217E3ACCAB}.Debug|iPhoneSimulator.ActiveCfg = Debug|Any CPU
		{B89C6194-B28C-4727-9DE2-19217E3ACCAB}.Debug|iPhoneSimulator.Build.0 = Debug|Any CPU
		{B89C6194-B28C-4727-9DE2-19217E3ACCAB}.Release|Any CPU.ActiveCfg = Release|Any CPU
		{B89C6194-B28C-4727-9DE2-19217E3ACCAB}.Release|Any CPU.Build.0 = Release|Any CPU
		{B89C6194-B28C-4727-9DE2-19217E3ACCAB}.Release|iPhone.ActiveCfg = Release|Any CPU
		{B89C6194-B28C-4727-9DE2-19217E3ACCAB}.Release|iPhone.Build.0 = Release|Any CPU
		{B89C6194-B28C-4727-9DE2-19217E3ACCAB}.Release|iPhoneSimulator.ActiveCfg = Release|Any CPU
		{B89C6194-B28C-4727-9DE2-19217E3ACCAB}.Release|iPhoneSimulator.Build.0 = Release|Any CPU
		{E349C587-4BA4-4254-A3D1-C80FA644AFE8}.Ad-Hoc|Any CPU.ActiveCfg = Release|Any CPU
		{E349C587-4BA4-4254-A3D1-C80FA644AFE8}.Ad-Hoc|Any CPU.Build.0 = Release|Any CPU
		{E349C587-4BA4-4254-A3D1-C80FA644AFE8}.Ad-Hoc|iPhone.ActiveCfg = Release|Any CPU
		{E349C587-4BA4-4254-A3D1-C80FA644AFE8}.Ad-Hoc|iPhone.Build.0 = Release|Any CPU
		{E349C587-4BA4-4254-A3D1-C80FA644AFE8}.Ad-Hoc|iPhoneSimulator.ActiveCfg = Release|Any CPU
		{E349C587-4BA4-4254-A3D1-C80FA644AFE8}.Ad-Hoc|iPhoneSimulator.Build.0 = Release|Any CPU
		{E349C587-4BA4-4254-A3D1-C80FA644AFE8}.AppStore|Any CPU.ActiveCfg = Release|Any CPU
		{E349C587-4BA4-4254-A3D1-C80FA644AFE8}.AppStore|Any CPU.Build.0 = Release|Any CPU
		{E349C587-4BA4-4254-A3D1-C80FA644AFE8}.AppStore|iPhone.ActiveCfg = Release|Any CPU
		{E349C587-4BA4-4254-A3D1-C80FA644AFE8}.AppStore|iPhone.Build.0 = Release|Any CPU
		{E349C587-4BA4-4254-A3D1-C80FA644AFE8}.AppStore|iPhoneSimulator.ActiveCfg = Release|Any CPU
		{E349C587-4BA4-4254-A3D1-C80FA644AFE8}.AppStore|iPhoneSimulator.Build.0 = Release|Any CPU
		{E349C587-4BA4-4254-A3D1-C80FA644AFE8}.Debug|Any CPU.ActiveCfg = Debug|Any CPU
		{E349C587-4BA4-4254-A3D1-C80FA644AFE8}.Debug|Any CPU.Build.0 = Debug|Any CPU
		{E349C587-4BA4-4254-A3D1-C80FA644AFE8}.Debug|iPhone.ActiveCfg = Debug|Any CPU
		{E349C587-4BA4-4254-A3D1-C80FA644AFE8}.Debug|iPhone.Build.0 = Debug|Any CPU
		{E349C587-4BA4-4254-A3D1-C80FA644AFE8}.Debug|iPhoneSimulator.ActiveCfg = Debug|Any CPU
		{E349C587-4BA4-4254-A3D1-C80FA644AFE8}.Debug|iPhoneSimulator.Build.0 = Debug|Any CPU
		{E349C587-4BA4-4254-A3D1-C80FA644AFE8}.Release|Any CPU.ActiveCfg = Release|Any CPU
		{E349C587-4BA4-4254-A3D1-C80FA644AFE8}.Release|Any CPU.Build.0 = Release|Any CPU
		{E349C587-4BA4-4254-A3D1-C80FA644AFE8}.Release|iPhone.ActiveCfg = Release|Any CPU
		{E349C587-4BA4-4254-A3D1-C80FA644AFE8}.Release|iPhone.Build.0 = Release|Any CPU
		{E349C587-4BA4-4254-A3D1-C80FA644AFE8}.Release|iPhoneSimulator.ActiveCfg = Release|Any CPU
		{E349C587-4BA4-4254-A3D1-C80FA644AFE8}.Release|iPhoneSimulator.Build.0 = Release|Any CPU
		{31E5EDD2-C434-4219-8F37-E204D2BCAD1B}.Ad-Hoc|Any CPU.ActiveCfg = Debug|Any CPU
		{31E5EDD2-C434-4219-8F37-E204D2BCAD1B}.Ad-Hoc|Any CPU.Build.0 = Debug|Any CPU
		{31E5EDD2-C434-4219-8F37-E204D2BCAD1B}.Ad-Hoc|iPhone.ActiveCfg = Debug|Any CPU
		{31E5EDD2-C434-4219-8F37-E204D2BCAD1B}.Ad-Hoc|iPhone.Build.0 = Debug|Any CPU
		{31E5EDD2-C434-4219-8F37-E204D2BCAD1B}.Ad-Hoc|iPhoneSimulator.ActiveCfg = Debug|Any CPU
		{31E5EDD2-C434-4219-8F37-E204D2BCAD1B}.Ad-Hoc|iPhoneSimulator.Build.0 = Debug|Any CPU
		{31E5EDD2-C434-4219-8F37-E204D2BCAD1B}.AppStore|Any CPU.ActiveCfg = Debug|Any CPU
		{31E5EDD2-C434-4219-8F37-E204D2BCAD1B}.AppStore|Any CPU.Build.0 = Debug|Any CPU
		{31E5EDD2-C434-4219-8F37-E204D2BCAD1B}.AppStore|iPhone.ActiveCfg = Debug|Any CPU
		{31E5EDD2-C434-4219-8F37-E204D2BCAD1B}.AppStore|iPhone.Build.0 = Debug|Any CPU
		{31E5EDD2-C434-4219-8F37-E204D2BCAD1B}.AppStore|iPhoneSimulator.ActiveCfg = Debug|Any CPU
		{31E5EDD2-C434-4219-8F37-E204D2BCAD1B}.AppStore|iPhoneSimulator.Build.0 = Debug|Any CPU
		{31E5EDD2-C434-4219-8F37-E204D2BCAD1B}.Debug|Any CPU.ActiveCfg = Debug|Any CPU
		{31E5EDD2-C434-4219-8F37-E204D2BCAD1B}.Debug|Any CPU.Build.0 = Debug|Any CPU
		{31E5EDD2-C434-4219-8F37-E204D2BCAD1B}.Debug|iPhone.ActiveCfg = Debug|Any CPU
		{31E5EDD2-C434-4219-8F37-E204D2BCAD1B}.Debug|iPhone.Build.0 = Debug|Any CPU
		{31E5EDD2-C434-4219-8F37-E204D2BCAD1B}.Debug|iPhoneSimulator.ActiveCfg = Debug|Any CPU
		{31E5EDD2-C434-4219-8F37-E204D2BCAD1B}.Debug|iPhoneSimulator.Build.0 = Debug|Any CPU
		{31E5EDD2-C434-4219-8F37-E204D2BCAD1B}.Release|Any CPU.ActiveCfg = Release|Any CPU
		{31E5EDD2-C434-4219-8F37-E204D2BCAD1B}.Release|Any CPU.Build.0 = Release|Any CPU
		{31E5EDD2-C434-4219-8F37-E204D2BCAD1B}.Release|iPhone.ActiveCfg = Release|Any CPU
		{31E5EDD2-C434-4219-8F37-E204D2BCAD1B}.Release|iPhone.Build.0 = Release|Any CPU
		{31E5EDD2-C434-4219-8F37-E204D2BCAD1B}.Release|iPhoneSimulator.ActiveCfg = Release|Any CPU
		{31E5EDD2-C434-4219-8F37-E204D2BCAD1B}.Release|iPhoneSimulator.Build.0 = Release|Any CPU
		{1B9DFB1F-B0DC-48CE-83AF-DD2F8E371451}.Ad-Hoc|Any CPU.ActiveCfg = Release|Any CPU
		{1B9DFB1F-B0DC-48CE-83AF-DD2F8E371451}.Ad-Hoc|Any CPU.Build.0 = Release|Any CPU
		{1B9DFB1F-B0DC-48CE-83AF-DD2F8E371451}.Ad-Hoc|Any CPU.Deploy.0 = Release|Any CPU
		{1B9DFB1F-B0DC-48CE-83AF-DD2F8E371451}.Ad-Hoc|iPhone.ActiveCfg = Release|Any CPU
		{1B9DFB1F-B0DC-48CE-83AF-DD2F8E371451}.Ad-Hoc|iPhone.Build.0 = Release|Any CPU
		{1B9DFB1F-B0DC-48CE-83AF-DD2F8E371451}.Ad-Hoc|iPhone.Deploy.0 = Release|Any CPU
		{1B9DFB1F-B0DC-48CE-83AF-DD2F8E371451}.Ad-Hoc|iPhoneSimulator.ActiveCfg = Release|Any CPU
		{1B9DFB1F-B0DC-48CE-83AF-DD2F8E371451}.Ad-Hoc|iPhoneSimulator.Build.0 = Release|Any CPU
		{1B9DFB1F-B0DC-48CE-83AF-DD2F8E371451}.Ad-Hoc|iPhoneSimulator.Deploy.0 = Release|Any CPU
		{1B9DFB1F-B0DC-48CE-83AF-DD2F8E371451}.AppStore|Any CPU.ActiveCfg = Release|Any CPU
		{1B9DFB1F-B0DC-48CE-83AF-DD2F8E371451}.AppStore|Any CPU.Build.0 = Release|Any CPU
		{1B9DFB1F-B0DC-48CE-83AF-DD2F8E371451}.AppStore|Any CPU.Deploy.0 = Release|Any CPU
		{1B9DFB1F-B0DC-48CE-83AF-DD2F8E371451}.AppStore|iPhone.ActiveCfg = Release|Any CPU
		{1B9DFB1F-B0DC-48CE-83AF-DD2F8E371451}.AppStore|iPhone.Build.0 = Release|Any CPU
		{1B9DFB1F-B0DC-48CE-83AF-DD2F8E371451}.AppStore|iPhone.Deploy.0 = Release|Any CPU
		{1B9DFB1F-B0DC-48CE-83AF-DD2F8E371451}.AppStore|iPhoneSimulator.ActiveCfg = Release|Any CPU
		{1B9DFB1F-B0DC-48CE-83AF-DD2F8E371451}.AppStore|iPhoneSimulator.Build.0 = Release|Any CPU
		{1B9DFB1F-B0DC-48CE-83AF-DD2F8E371451}.AppStore|iPhoneSimulator.Deploy.0 = Release|Any CPU
		{1B9DFB1F-B0DC-48CE-83AF-DD2F8E371451}.Debug|Any CPU.ActiveCfg = Debug|Any CPU
		{1B9DFB1F-B0DC-48CE-83AF-DD2F8E371451}.Debug|Any CPU.Build.0 = Debug|Any CPU
		{1B9DFB1F-B0DC-48CE-83AF-DD2F8E371451}.Debug|Any CPU.Deploy.0 = Debug|Any CPU
		{1B9DFB1F-B0DC-48CE-83AF-DD2F8E371451}.Debug|iPhone.ActiveCfg = Debug|Any CPU
		{1B9DFB1F-B0DC-48CE-83AF-DD2F8E371451}.Debug|iPhone.Build.0 = Debug|Any CPU
		{1B9DFB1F-B0DC-48CE-83AF-DD2F8E371451}.Debug|iPhone.Deploy.0 = Debug|Any CPU
		{1B9DFB1F-B0DC-48CE-83AF-DD2F8E371451}.Debug|iPhoneSimulator.ActiveCfg = Debug|Any CPU
		{1B9DFB1F-B0DC-48CE-83AF-DD2F8E371451}.Debug|iPhoneSimulator.Build.0 = Debug|Any CPU
		{1B9DFB1F-B0DC-48CE-83AF-DD2F8E371451}.Debug|iPhoneSimulator.Deploy.0 = Debug|Any CPU
		{1B9DFB1F-B0DC-48CE-83AF-DD2F8E371451}.Release|Any CPU.ActiveCfg = Release|Any CPU
		{1B9DFB1F-B0DC-48CE-83AF-DD2F8E371451}.Release|Any CPU.Build.0 = Release|Any CPU
		{1B9DFB1F-B0DC-48CE-83AF-DD2F8E371451}.Release|Any CPU.Deploy.0 = Release|Any CPU
		{1B9DFB1F-B0DC-48CE-83AF-DD2F8E371451}.Release|iPhone.ActiveCfg = Release|Any CPU
		{1B9DFB1F-B0DC-48CE-83AF-DD2F8E371451}.Release|iPhone.Build.0 = Release|Any CPU
		{1B9DFB1F-B0DC-48CE-83AF-DD2F8E371451}.Release|iPhone.Deploy.0 = Release|Any CPU
		{1B9DFB1F-B0DC-48CE-83AF-DD2F8E371451}.Release|iPhoneSimulator.ActiveCfg = Release|Any CPU
		{1B9DFB1F-B0DC-48CE-83AF-DD2F8E371451}.Release|iPhoneSimulator.Build.0 = Release|Any CPU
		{1B9DFB1F-B0DC-48CE-83AF-DD2F8E371451}.Release|iPhoneSimulator.Deploy.0 = Release|Any CPU
		{1BFB467C-B9D2-4CEB-9610-87759EFA20C1}.Ad-Hoc|Any CPU.ActiveCfg = Ad-Hoc|iPhone
		{1BFB467C-B9D2-4CEB-9610-87759EFA20C1}.Ad-Hoc|iPhone.ActiveCfg = Ad-Hoc|iPhone
		{1BFB467C-B9D2-4CEB-9610-87759EFA20C1}.Ad-Hoc|iPhone.Build.0 = Ad-Hoc|iPhone
		{1BFB467C-B9D2-4CEB-9610-87759EFA20C1}.Ad-Hoc|iPhoneSimulator.ActiveCfg = Ad-Hoc|iPhoneSimulator
		{1BFB467C-B9D2-4CEB-9610-87759EFA20C1}.Ad-Hoc|iPhoneSimulator.Build.0 = Ad-Hoc|iPhoneSimulator
		{1BFB467C-B9D2-4CEB-9610-87759EFA20C1}.AppStore|Any CPU.ActiveCfg = AppStore|iPhone
		{1BFB467C-B9D2-4CEB-9610-87759EFA20C1}.AppStore|iPhone.ActiveCfg = AppStore|iPhone
		{1BFB467C-B9D2-4CEB-9610-87759EFA20C1}.AppStore|iPhone.Build.0 = AppStore|iPhone
		{1BFB467C-B9D2-4CEB-9610-87759EFA20C1}.AppStore|iPhoneSimulator.ActiveCfg = AppStore|iPhoneSimulator
		{1BFB467C-B9D2-4CEB-9610-87759EFA20C1}.AppStore|iPhoneSimulator.Build.0 = AppStore|iPhoneSimulator
		{1BFB467C-B9D2-4CEB-9610-87759EFA20C1}.Debug|Any CPU.ActiveCfg = Debug|iPhone
		{1BFB467C-B9D2-4CEB-9610-87759EFA20C1}.Debug|iPhone.ActiveCfg = Debug|iPhone
		{1BFB467C-B9D2-4CEB-9610-87759EFA20C1}.Debug|iPhone.Build.0 = Debug|iPhone
		{1BFB467C-B9D2-4CEB-9610-87759EFA20C1}.Debug|iPhoneSimulator.ActiveCfg = Debug|iPhoneSimulator
		{1BFB467C-B9D2-4CEB-9610-87759EFA20C1}.Debug|iPhoneSimulator.Build.0 = Debug|iPhoneSimulator
		{1BFB467C-B9D2-4CEB-9610-87759EFA20C1}.Release|Any CPU.ActiveCfg = Release|iPhone
		{1BFB467C-B9D2-4CEB-9610-87759EFA20C1}.Release|iPhone.ActiveCfg = Release|iPhone
		{1BFB467C-B9D2-4CEB-9610-87759EFA20C1}.Release|iPhone.Build.0 = Release|iPhone
		{1BFB467C-B9D2-4CEB-9610-87759EFA20C1}.Release|iPhoneSimulator.ActiveCfg = Release|iPhoneSimulator
		{1BFB467C-B9D2-4CEB-9610-87759EFA20C1}.Release|iPhoneSimulator.Build.0 = Release|iPhoneSimulator
	EndGlobalSection
	GlobalSection(SolutionProperties) = preSolution
		HideSolutionNode = FALSE
	EndGlobalSection
	GlobalSection(ExtensibilityGlobals) = postSolution
		SolutionGuid = {30959648-5CA4-4F73-BE0C-90C91C524D24}
	EndGlobalSection
EndGlobal
